Microsoft Visual Studio Solution File, Format Version 12.00
# Visual Studio Version 17
VisualStudioVersion = 17.5.2.0
MinimumVisualStudioVersion = 10.0.40219.1
Project("{FAE04EC0-301F-11D3-BF4B-00C04F79EFBC}") = "TripService", "TripService.csproj", "{8C7D5429-2BD7-595F-D544-62695CEDE2E5}"
EndProject
Global
	GlobalSection(SolutionConfigurationPlatforms) = preSolution
		Debug|Any CPU = Debug|Any CPU
		Release|Any CPU = Release|Any CPU
	EndGlobalSection
	GlobalSection(ProjectConfigurationPlatforms) = postSolution
		{8C7D5429-2BD7-595F-D544-62695CEDE2E5}.Debug|Any CPU.ActiveCfg = Debug|Any CPU
		{8C7D5429-2BD7-595F-D544-62695CEDE2E5}.Debug|Any CPU.Build.0 = Debug|Any CPU
		{8C7D5429-2BD7-595F-D544-62695CEDE2E5}.Release|Any CPU.ActiveCfg = Release|Any CPU
		{8C7D5429-2BD7-595F-D544-62695CEDE2E5}.Release|Any CPU.Build.0 = Release|Any CPU
	EndGlobalSection
	GlobalSection(SolutionProperties) = preSolution
		HideSolutionNode = FALSE
	EndGlobalSection
	GlobalSection(ExtensibilityGlobals) = postSolution
		SolutionGuid = {E988DD35-8BC9-4E4D-BF95-4316DD0A8096}
	EndGlobalSection
EndGlobal
